
Microsoft Visual Studio Solution File, Format Version 12.00
# Visual Studio Version 17
VisualStudioVersion = 17.11.35208.52
MinimumVisualStudioVersion = 10.0.40219.1
Project("{FAE04EC0-301F-11D3-BF4B-00C04F79EFBC}") = "RhymingGame", "RhymingGame.csproj", "{ED6C4C64-FAC2-4217-A7A2-E4979313AD9E}"
EndProject
Global
	GlobalSection(SolutionConfigurationPlatforms) = preSolution
		Debug|Any CPU = Debug|Any CPU
		Release|Any CPU = Release|Any CPU
	EndGlobalSection
	GlobalSection(ProjectConfigurationPlatforms) = postSolution
		{ED6C4C64-FAC2-4217-A7A2-E4979313AD9E}.Debug|Any CPU.ActiveCfg = Debug|Any CPU
		{ED6C4C64-FAC2-4217-A7A2-E4979313AD9E}.Debug|Any CPU.Build.0 = Debug|Any CPU
		{ED6C4C64-FAC2-4217-A7A2-E4979313AD9E}.Release|Any CPU.ActiveCfg = Release|Any CPU
		{ED6C4C64-FAC2-4217-A7A2-E4979313AD9E}.Release|Any CPU.Build.0 = Release|Any CPU
	EndGlobalSection
	GlobalSection(SolutionProperties) = preSolution
		HideSolutionNode = FALSE
	EndGlobalSection
	GlobalSection(ExtensibilityGlobals) = postSolution
		SolutionGuid = {808D6F74-41B3-4E8F-95FC-EED8A072F39C}
	EndGlobalSection
EndGlobal
